
Microsoft Visual Studio Solution File, Format Version 12.00
# Visual Studio Version 16
VisualStudioVersion = 16.0.30406.217
MinimumVisualStudioVersion = 10.0.40219.1
Project("{9A19103F-16F7-4668-BE54-9A1E7A4F7556}") = "Tasks4U", "Tasks4U\Tasks4U.csproj", "{61FAA90C-355E-46C3-8671-EEB736EE83DD}"
EndProject
Global
	GlobalSection(SolutionConfigurationPlatforms) = preSolution
		Debug|Any CPU = Debug|Any CPU
		Release|Any CPU = Release|Any CPU
	EndGlobalSection
	GlobalSection(ProjectConfigurationPlatforms) = postSolution
		{61FAA90C-355E-46C3-8671-EEB736EE83DD}.Debug|Any CPU.ActiveCfg = Debug|Any CPU
		{61FAA90C-355E-46C3-8671-EEB736EE83DD}.Debug|Any CPU.Build.0 = Debug|Any CPU
		{61FAA90C-355E-46C3-8671-EEB736EE83DD}.Release|Any CPU.ActiveCfg = Release|Any CPU
		{61FAA90C-355E-46C3-8671-EEB736EE83DD}.Release|Any CPU.Build.0 = Release|Any CPU
	EndGlobalSection
	GlobalSection(SolutionProperties) = preSolution
		HideSolutionNode = FALSE
	EndGlobalSection
	GlobalSection(ExtensibilityGlobals) = postSolution
		SolutionGuid = {24D9F110-8B5F-4993-A531-2140EE93E626}
	EndGlobalSection
EndGlobal
